{
  "name": "common",
  "version": "1.7.0",
  "lockfileVersion": 2,
  "requires": true,
  "packages": {
    "": {
      "name": "common",
      "version": "1.7.0",
      "license": "ISC",
      "dependencies": {
        "class-transformer": "^0.4.0",
        "class-transformer-validator": "^0.9.1",
        "class-validator": "0.14.0",
        "lodash": "^4.17.21",
        "luxon": "^2.3.1",
        "parse-duration": "^1.0.2",
        "rrule": "2.7.2"
      },
      "devDependencies": {
        "@types/lodash": "^4.14.199",
        "@types/luxon": "^2.3.0",
        "typescript": "^4.4.4"
      }
    },
    "node_modules/@types/lodash": {
      "version": "4.14.199",
      "resolved": "https://registry.npmjs.org/@types/lodash/-/lodash-4.14.199.tgz",
      "integrity": "sha512-Vrjz5N5Ia4SEzWWgIVwnHNEnb1UE1XMkvY5DGXrAeOGE9imk0hgTHh5GyDjLDJi9OTCn9oo9dXH1uToK1VRfrg==",
      "dev": true
    },
    "node_modules/@types/luxon": {
      "version": "2.4.0",
      "resolved": "https://registry.npmjs.org/@types/luxon/-/luxon-2.4.0.tgz",
      "integrity": "sha512-oCavjEjRXuR6URJEtQm0eBdfsBiEcGBZbq21of8iGkeKxU1+1xgKuFPClaBZl2KB8ZZBSWlgk61tH6Mf+nvZVw==",
      "dev": true
    },
    "node_modules/@types/validator": {
      "version": "13.11.2",
      "resolved": "https://registry.npmjs.org/@types/validator/-/validator-13.11.2.tgz",
      "integrity": "sha512-nIKVVQKT6kGKysnNt+xLobr+pFJNssJRi2s034wgWeFBUx01fI8BeHTW2TcRp7VcFu9QCYG8IlChTuovcm0oKQ=="
    },
    "node_modules/class-transformer": {
      "version": "0.4.0",
      "resolved": "https://registry.npmjs.org/class-transformer/-/class-transformer-0.4.0.tgz",
      "integrity": "sha512-ETWD/H2TbWbKEi7m9N4Km5+cw1hNcqJSxlSYhsLsNjQzWWiZIYA1zafxpK9PwVfaZ6AqR5rrjPVUBGESm5tQUA=="
    },
    "node_modules/class-transformer-validator": {
      "version": "0.9.1",
      "resolved": "https://registry.npmjs.org/class-transformer-validator/-/class-transformer-validator-0.9.1.tgz",
      "integrity": "sha512-83/KFCyd6UiiwH6PlQS5y17O5TTx58CawvNI+XdrMs0Ig9QI5kiuzRqGcC/WrEpd1F7i4KIxCwdn6m4B6fl0jw==",
      "peerDependencies": {
        "class-transformer": ">=0.2.3",
        "class-validator": ">=0.12.0"
      }
    },
    "node_modules/class-validator": {
      "version": "0.14.0",
      "resolved": "https://registry.npmjs.org/class-validator/-/class-validator-0.14.0.tgz",
      "integrity": "sha512-ct3ltplN8I9fOwUd8GrP8UQixwff129BkEtuWDKL5W45cQuLd19xqmTLu5ge78YDm/fdje6FMt0hGOhl0lii3A==",
      "dependencies": {
        "@types/validator": "^13.7.10",
        "libphonenumber-js": "^1.10.14",
        "validator": "^13.7.0"
      }
    },
    "node_modules/libphonenumber-js": {
      "version": "1.10.44",
      "resolved": "https://registry.npmjs.org/libphonenumber-js/-/libphonenumber-js-1.10.44.tgz",
      "integrity": "sha512-svlRdNBI5WgBjRC20GrCfbFiclbF0Cx+sCcQob/C1r57nsoq0xg8r65QbTyVyweQIlB33P+Uahyho6EMYgcOyQ=="
    },
    "node_modules/lodash": {
      "version": "4.17.21",
      "resolved": "https://registry.npmjs.org/lodash/-/lodash-4.17.21.tgz",
      "integrity": "sha512-v2kDEe57lecTulaDIuNTPy3Ry4gLGJ6Z1O3vE1krgXZNrsQ+LFTGHVxVjcXPs17LhbZVGedAJv8XZ1tvj5FvSg=="
    },
    "node_modules/luxon": {
      "version": "2.5.2",
      "resolved": "https://registry.npmjs.org/luxon/-/luxon-2.5.2.tgz",
      "integrity": "sha512-Yg7/RDp4nedqmLgyH0LwgGRvMEKVzKbUdkBYyCosbHgJ+kaOUx0qzSiSatVc3DFygnirTPYnMM2P5dg2uH1WvA==",
      "engines": {
        "node": ">=12"
      }
    },
    "node_modules/parse-duration": {
      "version": "1.1.0",
      "resolved": "https://registry.npmjs.org/parse-duration/-/parse-duration-1.1.0.tgz",
      "integrity": "sha512-z6t9dvSJYaPoQq7quMzdEagSFtpGu+utzHqqxmpVWNNZRIXnvqyCvn9XsTdh7c/w0Bqmdz3RB3YnRaKtpRtEXQ=="
    },
    "node_modules/rrule": {
      "version": "2.7.2",
      "resolved": "https://registry.npmjs.org/rrule/-/rrule-2.7.2.tgz",
      "integrity": "sha512-NkBsEEB6FIZOZ3T8frvEBOB243dm46SPufpDckY/Ap/YH24V1zLeMmDY8OA10lk452NdrF621+ynDThE7FQU2A==",
      "dependencies": {
        "tslib": "^2.4.0"
      }
    },
    "node_modules/tslib": {
      "version": "2.6.2",
      "resolved": "https://registry.npmjs.org/tslib/-/tslib-2.6.2.tgz",
      "integrity": "sha512-AEYxH93jGFPn/a2iVAwW87VuUIkR1FVUKB77NwMF7nBTDkDrrT/Hpt/IrCJ0QXhW27jTBDcf5ZY7w6RiqTMw2Q=="
    },
    "node_modules/typescript": {
      "version": "4.4.4",
      "resolved": "https://registry.npmjs.org/typescript/-/typescript-4.4.4.tgz",
      "integrity": "sha512-DqGhF5IKoBl8WNf8C1gu8q0xZSInh9j1kJJMqT3a94w1JzVaBU4EXOSMrz9yDqMT0xt3selp83fuFMQ0uzv6qA==",
      "dev": true,
      "bin": {
        "tsc": "bin/tsc",
        "tsserver": "bin/tsserver"
      },
      "engines": {
        "node": ">=4.2.0"
      }
    },
    "node_modules/validator": {
      "version": "13.11.0",
      "resolved": "https://registry.npmjs.org/validator/-/validator-13.11.0.tgz",
      "integrity": "sha512-Ii+sehpSfZy+At5nPdnyMhx78fEoPDkR2XW/zimHEL3MyGJQOCQ7WeP20jPYRz7ZCpcKLB21NxuXHF3bxjStBQ==",
      "engines": {
        "node": ">= 0.10"
      }
    }
  },
  "dependencies": {
    "@types/lodash": {
      "version": "4.14.199",
      "resolved": "https://registry.npmjs.org/@types/lodash/-/lodash-4.14.199.tgz",
      "integrity": "sha512-Vrjz5N5Ia4SEzWWgIVwnHNEnb1UE1XMkvY5DGXrAeOGE9imk0hgTHh5GyDjLDJi9OTCn9oo9dXH1uToK1VRfrg==",
      "dev": true
    },
    "@types/luxon": {
      "version": "2.4.0",
      "resolved": "https://registry.npmjs.org/@types/luxon/-/luxon-2.4.0.tgz",
      "integrity": "sha512-oCavjEjRXuR6URJEtQm0eBdfsBiEcGBZbq21of8iGkeKxU1+1xgKuFPClaBZl2KB8ZZBSWlgk61tH6Mf+nvZVw==",
      "dev": true
    },
    "@types/validator": {
      "version": "13.11.2",
      "resolved": "https://registry.npmjs.org/@types/validator/-/validator-13.11.2.tgz",
      "integrity": "sha512-nIKVVQKT6kGKysnNt+xLobr+pFJNssJRi2s034wgWeFBUx01fI8BeHTW2TcRp7VcFu9QCYG8IlChTuovcm0oKQ=="
    },
    "class-transformer": {
      "version": "0.4.0",
      "resolved": "https://registry.npmjs.org/class-transformer/-/class-transformer-0.4.0.tgz",
      "integrity": "sha512-ETWD/H2TbWbKEi7m9N4Km5+cw1hNcqJSxlSYhsLsNjQzWWiZIYA1zafxpK9PwVfaZ6AqR5rrjPVUBGESm5tQUA=="
    },
    "class-transformer-validator": {
      "version": "0.9.1",
      "resolved": "https://registry.npmjs.org/class-transformer-validator/-/class-transformer-validator-0.9.1.tgz",
      "integrity": "sha512-83/KFCyd6UiiwH6PlQS5y17O5TTx58CawvNI+XdrMs0Ig9QI5kiuzRqGcC/WrEpd1F7i4KIxCwdn6m4B6fl0jw==",
      "requires": {}
    },
    "class-validator": {
      "version": "0.14.0",
      "resolved": "https://registry.npmjs.org/class-validator/-/class-validator-0.14.0.tgz",
      "integrity": "sha512-ct3ltplN8I9fOwUd8GrP8UQixwff129BkEtuWDKL5W45cQuLd19xqmTLu5ge78YDm/fdje6FMt0hGOhl0lii3A==",
      "requires": {
        "@types/validator": "^13.7.10",
        "libphonenumber-js": "^1.10.14",
        "validator": "^13.7.0"
      }
    },
    "libphonenumber-js": {
      "version": "1.10.44",
      "resolved": "https://registry.npmjs.org/libphonenumber-js/-/libphonenumber-js-1.10.44.tgz",
      "integrity": "sha512-svlRdNBI5WgBjRC20GrCfbFiclbF0Cx+sCcQob/C1r57nsoq0xg8r65QbTyVyweQIlB33P+Uahyho6EMYgcOyQ=="
    },
    "lodash": {
      "version": "4.17.21",
      "resolved": "https://registry.npmjs.org/lodash/-/lodash-4.17.21.tgz",
      "integrity": "sha512-v2kDEe57lecTulaDIuNTPy3Ry4gLGJ6Z1O3vE1krgXZNrsQ+LFTGHVxVjcXPs17LhbZVGedAJv8XZ1tvj5FvSg=="
    },
    "luxon": {
      "version": "2.5.2",
      "resolved": "https://registry.npmjs.org/luxon/-/luxon-2.5.2.tgz",
      "integrity": "sha512-Yg7/RDp4nedqmLgyH0LwgGRvMEKVzKbUdkBYyCosbHgJ+kaOUx0qzSiSatVc3DFygnirTPYnMM2P5dg2uH1WvA=="
    },
    "parse-duration": {
      "version": "1.1.0",
      "resolved": "https://registry.npmjs.org/parse-duration/-/parse-duration-1.1.0.tgz",
      "integrity": "sha512-z6t9dvSJYaPoQq7quMzdEagSFtpGu+utzHqqxmpVWNNZRIXnvqyCvn9XsTdh7c/w0Bqmdz3RB3YnRaKtpRtEXQ=="
    },
    "rrule": {
      "version": "2.7.2",
      "resolved": "https://registry.npmjs.org/rrule/-/rrule-2.7.2.tgz",
      "integrity": "sha512-NkBsEEB6FIZOZ3T8frvEBOB243dm46SPufpDckY/Ap/YH24V1zLeMmDY8OA10lk452NdrF621+ynDThE7FQU2A==",
      "requires": {
        "tslib": "^2.4.0"
      }
    },
    "tslib": {
      "version": "2.6.2",
      "resolved": "https://registry.npmjs.org/tslib/-/tslib-2.6.2.tgz",
      "integrity": "sha512-AEYxH93jGFPn/a2iVAwW87VuUIkR1FVUKB77NwMF7nBTDkDrrT/Hpt/IrCJ0QXhW27jTBDcf5ZY7w6RiqTMw2Q=="
    },
    "typescript": {
      "version": "4.4.4",
      "resolved": "https://registry.npmjs.org/typescript/-/typescript-4.4.4.tgz",
      "integrity": "sha512-DqGhF5IKoBl8WNf8C1gu8q0xZSInh9j1kJJMqT3a94w1JzVaBU4EXOSMrz9yDqMT0xt3selp83fuFMQ0uzv6qA==",
      "dev": true
    },
    "validator": {
      "version": "13.11.0",
      "resolved": "https://registry.npmjs.org/validator/-/validator-13.11.0.tgz",
      "integrity": "sha512-Ii+sehpSfZy+At5nPdnyMhx78fEoPDkR2XW/zimHEL3MyGJQOCQ7WeP20jPYRz7ZCpcKLB21NxuXHF3bxjStBQ=="
    }
  }
}
